
Microsoft Visual Studio Solution File, Format Version 12.00
# Visual Studio 15
VisualStudioVersion = 15.0.28307.136
MinimumVisualStudioVersion = 10.0.40219.1
Project("{FAE04EC0-301F-11D3-BF4B-00C04F79EFBC}") = "week08_GQOTXA", "week08_GQOTXA\week08_GQOTXA.csproj", "{0AA04022-28A5-49D0-AAFB-D14FBD97963D}"
EndProject
Global
	GlobalSection(SolutionConfigurationPlatforms) = preSolution
		Debug|Any CPU = Debug|Any CPU
		Release|Any CPU = Release|Any CPU
	EndGlobalSection
	GlobalSection(ProjectConfigurationPlatforms) = postSolution
		{0AA04022-28A5-49D0-AAFB-D14FBD97963D}.Debug|Any CPU.ActiveCfg = Debug|Any CPU
		{0AA04022-28A5-49D0-AAFB-D14FBD97963D}.Debug|Any CPU.Build.0 = Debug|Any CPU
		{0AA04022-28A5-49D0-AAFB-D14FBD97963D}.Release|Any CPU.ActiveCfg = Release|Any CPU
		{0AA04022-28A5-49D0-AAFB-D14FBD97963D}.Release|Any CPU.Build.0 = Release|Any CPU
	EndGlobalSection
	GlobalSection(SolutionProperties) = preSolution
		HideSolutionNode = FALSE
	EndGlobalSection
	GlobalSection(ExtensibilityGlobals) = postSolution
		SolutionGuid = {A5EBE1FB-E1D5-4C17-B4DA-ED93AA8042F3}
	EndGlobalSection
EndGlobal
